
Microsoft Visual Studio Solution File, Format Version 12.00
# Visual Studio Version 17
VisualStudioVersion = 17.1.32421.90
MinimumVisualStudioVersion = 10.0.40219.1
Project("{9A19103F-16F7-4668-BE54-9A1E7A4F7556}") = "Api_savino_Filmes", "Api_savino_Filmes.csproj", "{7B501C4D-139B-4AEA-8460-9038DFE063D8}"
EndProject
Global
	GlobalSection(SolutionConfigurationPlatforms) = preSolution
		Debug|Any CPU = Debug|Any CPU
		Release|Any CPU = Release|Any CPU
	EndGlobalSection
	GlobalSection(ProjectConfigurationPlatforms) = postSolution
		{7B501C4D-139B-4AEA-8460-9038DFE063D8}.Debug|Any CPU.ActiveCfg = Debug|Any CPU
		{7B501C4D-139B-4AEA-8460-9038DFE063D8}.Debug|Any CPU.Build.0 = Debug|Any CPU
		{7B501C4D-139B-4AEA-8460-9038DFE063D8}.Release|Any CPU.ActiveCfg = Release|Any CPU
		{7B501C4D-139B-4AEA-8460-9038DFE063D8}.Release|Any CPU.Build.0 = Release|Any CPU
	EndGlobalSection
	GlobalSection(SolutionProperties) = preSolution
		HideSolutionNode = FALSE
	EndGlobalSection
	GlobalSection(ExtensibilityGlobals) = postSolution
		SolutionGuid = {AF8826A4-7B4E-44A8-8DF4-E84D2E1E3AC3}
	EndGlobalSection
EndGlobal
